{
  "object": {
    "pins": [
      {
        "package": "Sliders",
        "repositoryURL": "https://github.com/spacenation/swiftui-sliders.git",
        "state": {
          "branch": "master",
          "revision": "518bed3bfc7bd522f3c49404a0d1efb98fa1bf2c",
          "version": null
        }
      }
    ]
  },
  "version": 1
}
