{
  "object": {
    "pins": [
      {
        "package": "SwiftAudioEx",
        "repositoryURL": "https://github.com/DoubleSymmetry/SwiftAudio.git",
        "state": {
          "branch": null,
          "revision": "da3af0e9db00028ab1452691d3e74815b24df30c",
          "version": "0.14.4"
        }
      }
    ]
  },
  "version": 1
}
