// !$*UTF8*$!
{
	archiveVersion = 1;
	classes = {
	};
	objectVersion = 52;
	objects = {

/* Begin PBXBuildFile section */
		15872AB62710933700680A4A /* SwiftAudioEx in Frameworks */ = {isa = PBXBuildFile; productRef = 15872AB52710933700680A4A /* SwiftAudioEx */; };
		15872AB82710947900680A4A /* PlayerView.swift in Sources */ = {isa = PBXBuildFile; fileRef = 15872AB72710947900680A4A /* PlayerView.swift */; };
		15872AB92710947900680A4A /* PlayerView.swift in Sources */ = {isa = PBXBuildFile; fileRef = 15872AB72710947900680A4A /* PlayerView.swift */; };
		15872ABB27109B6800680A4A /* ArtistView.swift in Sources */ = {isa = PBXBuildFile; fileRef = 15872ABA27109B6800680A4A /* ArtistView.swift */; };
		15872ABC27109B6800680A4A /* ArtistView.swift in Sources */ = {isa = PBXBuildFile; fileRef = 15872ABA27109B6800680A4A /* ArtistView.swift */; };
		15872ABE27109E2A00680A4A /* ComposerView.swift in Sources */ = {isa = PBXBuildFile; fileRef = 15872ABD27109E2A00680A4A /* ComposerView.swift */; };
		15872ABF27109E2A00680A4A /* ComposerView.swift in Sources */ = {isa = PBXBuildFile; fileRef = 15872ABD27109E2A00680A4A /* ComposerView.swift */; };
		159673D726DB1FBE00621279 /* PokaNativeApp.swift in Sources */ = {isa = PBXBuildFile; fileRef = 159673C426DB1FBC00621279 /* PokaNativeApp.swift */; };
		159673D826DB1FBE00621279 /* PokaNativeApp.swift in Sources */ = {isa = PBXBuildFile; fileRef = 159673C426DB1FBC00621279 /* PokaNativeApp.swift */; };
		159673D926DB1FBE00621279 /* ContentView.swift in Sources */ = {isa = PBXBuildFile; fileRef = 159673C526DB1FBC00621279 /* ContentView.swift */; };
		159673DA26DB1FBE00621279 /* ContentView.swift in Sources */ = {isa = PBXBuildFile; fileRef = 159673C526DB1FBC00621279 /* ContentView.swift */; };
		159673DB26DB1FBE00621279 /* Assets.xcassets in Resources */ = {isa = PBXBuildFile; fileRef = 159673C626DB1FBE00621279 /* Assets.xcassets */; };
		159673DC26DB1FBE00621279 /* Assets.xcassets in Resources */ = {isa = PBXBuildFile; fileRef = 159673C626DB1FBE00621279 /* Assets.xcassets */; };
		159673E626DB223D00621279 /* Home.swift in Sources */ = {isa = PBXBuildFile; fileRef = 159673E526DB223D00621279 /* Home.swift */; };
		159673E726DB223D00621279 /* Home.swift in Sources */ = {isa = PBXBuildFile; fileRef = 159673E526DB223D00621279 /* Home.swift */; };
		159673E926DB315C00621279 /* AlbumView.swift in Sources */ = {isa = PBXBuildFile; fileRef = 159673E826DB315C00621279 /* AlbumView.swift */; };
		159673EA26DB315C00621279 /* AlbumView.swift in Sources */ = {isa = PBXBuildFile; fileRef = 159673E826DB315C00621279 /* AlbumView.swift */; };
		159673ED26DB31DB00621279 /* Player.swift in Sources */ = {isa = PBXBuildFile; fileRef = 159673EC26DB31DB00621279 /* Player.swift */; };
		159673EE26DB31DB00621279 /* Player.swift in Sources */ = {isa = PBXBuildFile; fileRef = 159673EC26DB31DB00621279 /* Player.swift */; };
		159673F026DB33D400621279 /* Login.swift in Sources */ = {isa = PBXBuildFile; fileRef = 159673EF26DB33D400621279 /* Login.swift */; };
		159673F126DB33D400621279 /* Login.swift in Sources */ = {isa = PBXBuildFile; fileRef = 159673EF26DB33D400621279 /* Login.swift */; };
		15A6DF1E270EB6E30038F17E /* Library.swift in Sources */ = {isa = PBXBuildFile; fileRef = 15A6DF1D270EB6E30038F17E /* Library.swift */; };
		15A6DF1F270EB6E30038F17E /* Library.swift in Sources */ = {isa = PBXBuildFile; fileRef = 15A6DF1D270EB6E30038F17E /* Library.swift */; };
		15A6DF21270EB9E50038F17E /* ContentViewiOS.swift in Sources */ = {isa = PBXBuildFile; fileRef = 15A6DF20270EB9E50038F17E /* ContentViewiOS.swift */; };
		15A6DF37271038350038F17E /* FolderView.swift in Sources */ = {isa = PBXBuildFile; fileRef = 15A6DF36271038350038F17E /* FolderView.swift */; };
		15A6DF38271038350038F17E /* FolderView.swift in Sources */ = {isa = PBXBuildFile; fileRef = 15A6DF36271038350038F17E /* FolderView.swift */; };
		15BB9DB82710A54900CF911C /* AlbumsView.swift in Sources */ = {isa = PBXBuildFile; fileRef = 15BB9DB72710A54900CF911C /* AlbumsView.swift */; };
		15BB9DB92710A54900CF911C /* AlbumsView.swift in Sources */ = {isa = PBXBuildFile; fileRef = 15BB9DB72710A54900CF911C /* AlbumsView.swift */; };
		15E0B7B1270DD87900C8DED3 /* PokaAPI.swift in Sources */ = {isa = PBXBuildFile; fileRef = 15E0B7B0270DD87900C8DED3 /* PokaAPI.swift */; };
		15E0B7B2270DD87900C8DED3 /* PokaAPI.swift in Sources */ = {isa = PBXBuildFile; fileRef = 15E0B7B0270DD87900C8DED3 /* PokaAPI.swift */; };
		15E0B7B5270DF07300C8DED3 /* Defaults.swift in Sources */ = {isa = PBXBuildFile; fileRef = 15E0B7B4270DF07300C8DED3 /* Defaults.swift */; };
		15E0B7B6270DF07300C8DED3 /* Defaults.swift in Sources */ = {isa = PBXBuildFile; fileRef = 15E0B7B4270DF07300C8DED3 /* Defaults.swift */; };
		15E0B7B9270DF96800C8DED3 /* Poka.swift in Sources */ = {isa = PBXBuildFile; fileRef = 15E0B7B8270DF96800C8DED3 /* Poka.swift */; };
		15E0B7BA270DF96800C8DED3 /* Poka.swift in Sources */ = {isa = PBXBuildFile; fileRef = 15E0B7B8270DF96800C8DED3 /* Poka.swift */; };
/* End PBXBuildFile section */

/* Begin PBXFileReference section */
		15872AB72710947900680A4A /* PlayerView.swift */ = {isa = PBXFileReference; lastKnownFileType = sourcecode.swift; path = PlayerView.swift; sourceTree = "<group>"; };
		15872ABA27109B6800680A4A /* ArtistView.swift */ = {isa = PBXFileReference; lastKnownFileType = sourcecode.swift; path = ArtistView.swift; sourceTree = "<group>"; };
		15872ABD27109E2A00680A4A /* ComposerView.swift */ = {isa = PBXFileReference; lastKnownFileType = sourcecode.swift; path = ComposerView.swift; sourceTree = "<group>"; };
		159673C426DB1FBC00621279 /* PokaNativeApp.swift */ = {isa = PBXFileReference; lastKnownFileType = sourcecode.swift; path = PokaNativeApp.swift; sourceTree = "<group>"; };
		159673C526DB1FBC00621279 /* ContentView.swift */ = {isa = PBXFileReference; lastKnownFileType = sourcecode.swift; path = ContentView.swift; sourceTree = "<group>"; };
		159673C626DB1FBE00621279 /* Assets.xcassets */ = {isa = PBXFileReference; lastKnownFileType = folder.assetcatalog; path = Assets.xcassets; sourceTree = "<group>"; };
		159673CB26DB1FBE00621279 /* PokaNative.app */ = {isa = PBXFileReference; explicitFileType = wrapper.application; includeInIndex = 0; path = PokaNative.app; sourceTree = BUILT_PRODUCTS_DIR; };
		159673CE26DB1FBE00621279 /* Info.plist */ = {isa = PBXFileReference; lastKnownFileType = text.plist.xml; path = Info.plist; sourceTree = "<group>"; };
		159673D326DB1FBE00621279 /* PokaNative.app */ = {isa = PBXFileReference; explicitFileType = wrapper.application; includeInIndex = 0; path = PokaNative.app; sourceTree = BUILT_PRODUCTS_DIR; };
		159673D526DB1FBE00621279 /* Info.plist */ = {isa = PBXFileReference; lastKnownFileType = text.plist.xml; path = Info.plist; sourceTree = "<group>"; };
		159673D626DB1FBE00621279 /* macOS.entitlements */ = {isa = PBXFileReference; lastKnownFileType = text.plist.entitlements; path = macOS.entitlements; sourceTree = "<group>"; };
		159673E526DB223D00621279 /* Home.swift */ = {isa = PBXFileReference; lastKnownFileType = sourcecode.swift; path = Home.swift; sourceTree = "<group>"; };
		159673E826DB315C00621279 /* AlbumView.swift */ = {isa = PBXFileReference; lastKnownFileType = sourcecode.swift; path = AlbumView.swift; sourceTree = "<group>"; };
		159673EC26DB31DB00621279 /* Player.swift */ = {isa = PBXFileReference; lastKnownFileType = sourcecode.swift; path = Player.swift; sourceTree = "<group>"; };
		159673EF26DB33D400621279 /* Login.swift */ = {isa = PBXFileReference; lastKnownFileType = sourcecode.swift; path = Login.swift; sourceTree = "<group>"; };
		15A6DF1D270EB6E30038F17E /* Library.swift */ = {isa = PBXFileReference; lastKnownFileType = sourcecode.swift; path = Library.swift; sourceTree = "<group>"; };
		15A6DF20270EB9E50038F17E /* ContentViewiOS.swift */ = {isa = PBXFileReference; lastKnownFileType = sourcecode.swift; path = ContentViewiOS.swift; sourceTree = "<group>"; };
		15A6DF36271038350038F17E /* FolderView.swift */ = {isa = PBXFileReference; lastKnownFileType = sourcecode.swift; path = FolderView.swift; sourceTree = "<group>"; };
		15BB9DB72710A54900CF911C /* AlbumsView.swift */ = {isa = PBXFileReference; lastKnownFileType = sourcecode.swift; path = AlbumsView.swift; sourceTree = "<group>"; };
		15E0B7B0270DD87900C8DED3 /* PokaAPI.swift */ = {isa = PBXFileReference; lastKnownFileType = sourcecode.swift; path = PokaAPI.swift; sourceTree = "<group>"; };
		15E0B7B4270DF07300C8DED3 /* Defaults.swift */ = {isa = PBXFileReference; lastKnownFileType = sourcecode.swift; path = Defaults.swift; sourceTree = "<group>"; };
		15E0B7B8270DF96800C8DED3 /* Poka.swift */ = {isa = PBXFileReference; lastKnownFileType = sourcecode.swift; path = Poka.swift; sourceTree = "<group>"; };
/* End PBXFileReference section */

/* Begin PBXFrameworksBuildPhase section */
		159673C826DB1FBE00621279 /* Frameworks */ = {
			isa = PBXFrameworksBuildPhase;
			buildActionMask = 2147483647;
			files = (
				15872AB62710933700680A4A /* SwiftAudioEx in Frameworks */,
			);
			runOnlyForDeploymentPostprocessing = 0;
		};
		159673D026DB1FBE00621279 /* Frameworks */ = {
			isa = PBXFrameworksBuildPhase;
			buildActionMask = 2147483647;
			files = (
			);
			runOnlyForDeploymentPostprocessing = 0;
		};
/* End PBXFrameworksBuildPhase section */

/* Begin PBXGroup section */
		159673BE26DB1FBC00621279 = {
			isa = PBXGroup;
			children = (
				159673C326DB1FBC00621279 /* Shared */,
				159673CD26DB1FBE00621279 /* iOS */,
				159673D426DB1FBE00621279 /* macOS */,
				159673CC26DB1FBE00621279 /* Products */,
			);
			sourceTree = "<group>";
		};
		159673C326DB1FBC00621279 /* Shared */ = {
			isa = PBXGroup;
			children = (
				15E0B7B7270DF95600C8DED3 /* Models */,
				15E0B7B3270DF06500C8DED3 /* App */,
				159673C426DB1FBC00621279 /* PokaNativeApp.swift */,
				15A6DF20270EB9E50038F17E /* ContentViewiOS.swift */,
				159673C526DB1FBC00621279 /* ContentView.swift */,
				159673C626DB1FBE00621279 /* Assets.xcassets */,
				15E0B7AF270D31FE00C8DED3 /* Network */,
				159673EB26DB317900621279 /* Views */,
			);
			path = Shared;
			sourceTree = "<group>";
		};
		159673CC26DB1FBE00621279 /* Products */ = {
			isa = PBXGroup;
			children = (
				159673CB26DB1FBE00621279 /* PokaNative.app */,
				159673D326DB1FBE00621279 /* PokaNative.app */,
			);
			name = Products;
			sourceTree = "<group>";
		};
		159673CD26DB1FBE00621279 /* iOS */ = {
			isa = PBXGroup;
			children = (
				159673CE26DB1FBE00621279 /* Info.plist */,
			);
			path = iOS;
			sourceTree = "<group>";
		};
		159673D426DB1FBE00621279 /* macOS */ = {
			isa = PBXGroup;
			children = (
				159673D526DB1FBE00621279 /* Info.plist */,
				159673D626DB1FBE00621279 /* macOS.entitlements */,
			);
			path = macOS;
			sourceTree = "<group>";
		};
		159673EB26DB317900621279 /* Views */ = {
			isa = PBXGroup;
			children = (
				159673E526DB223D00621279 /* Home.swift */,
				159673E826DB315C00621279 /* AlbumView.swift */,
				159673EC26DB31DB00621279 /* Player.swift */,
				159673EF26DB33D400621279 /* Login.swift */,
				15A6DF1D270EB6E30038F17E /* Library.swift */,
				15872ABD27109E2A00680A4A /* ComposerView.swift */,
				15A6DF36271038350038F17E /* FolderView.swift */,
				15872AB72710947900680A4A /* PlayerView.swift */,
				15872ABA27109B6800680A4A /* ArtistView.swift */,
				15BB9DB72710A54900CF911C /* AlbumsView.swift */,
			);
			path = Views;
			sourceTree = "<group>";
		};
		15E0B7AF270D31FE00C8DED3 /* Network */ = {
			isa = PBXGroup;
			children = (
				15E0B7B0270DD87900C8DED3 /* PokaAPI.swift */,
			);
			path = Network;
			sourceTree = "<group>";
		};
		15E0B7B3270DF06500C8DED3 /* App */ = {
			isa = PBXGroup;
			children = (
				15E0B7B4270DF07300C8DED3 /* Defaults.swift */,
			);
			path = App;
			sourceTree = "<group>";
		};
		15E0B7B7270DF95600C8DED3 /* Models */ = {
			isa = PBXGroup;
			children = (
				15E0B7B8270DF96800C8DED3 /* Poka.swift */,
			);
			path = Models;
			sourceTree = "<group>";
		};
/* End PBXGroup section */

/* Begin PBXNativeTarget section */
		159673CA26DB1FBE00621279 /* PokaNative (iOS) */ = {
			isa = PBXNativeTarget;
			buildConfigurationList = 159673DF26DB1FBE00621279 /* Build configuration list for PBXNativeTarget "PokaNative (iOS)" */;
			buildPhases = (
				159673C726DB1FBE00621279 /* Sources */,
				159673C826DB1FBE00621279 /* Frameworks */,
				159673C926DB1FBE00621279 /* Resources */,
			);
			buildRules = (
			);
			dependencies = (
			);
			name = "PokaNative (iOS)";
			packageProductDependencies = (
				15872AB52710933700680A4A /* SwiftAudioEx */,
			);
			productName = "PokaNative (iOS)";
			productReference = 159673CB26DB1FBE00621279 /* PokaNative.app */;
			productType = "com.apple.product-type.application";
		};
		159673D226DB1FBE00621279 /* PokaNative (macOS) */ = {
			isa = PBXNativeTarget;
			buildConfigurationList = 159673E226DB1FBE00621279 /* Build configuration list for PBXNativeTarget "PokaNative (macOS)" */;
			buildPhases = (
				159673CF26DB1FBE00621279 /* Sources */,
				159673D026DB1FBE00621279 /* Frameworks */,
				159673D126DB1FBE00621279 /* Resources */,
			);
			buildRules = (
			);
			dependencies = (
			);
			name = "PokaNative (macOS)";
			productName = "PokaNative (macOS)";
			productReference = 159673D326DB1FBE00621279 /* PokaNative.app */;
			productType = "com.apple.product-type.application";
		};
/* End PBXNativeTarget section */

/* Begin PBXProject section */
		159673BF26DB1FBC00621279 /* Project object */ = {
			isa = PBXProject;
			attributes = {
				LastSwiftUpdateCheck = 1250;
				LastUpgradeCheck = 1250;
				TargetAttributes = {
					159673CA26DB1FBE00621279 = {
						CreatedOnToolsVersion = 12.5.1;
					};
					159673D226DB1FBE00621279 = {
						CreatedOnToolsVersion = 12.5.1;
					};
				};
			};
			buildConfigurationList = 159673C226DB1FBC00621279 /* Build configuration list for PBXProject "PokaNative" */;
			compatibilityVersion = "Xcode 9.3";
			developmentRegion = en;
			hasScannedForEncodings = 0;
			knownRegions = (
				en,
				Base,
			);
			mainGroup = 159673BE26DB1FBC00621279;
			packageReferences = (
				15872AB42710933700680A4A /* XCRemoteSwiftPackageReference "SwiftAudio" */,
			);
			productRefGroup = 159673CC26DB1FBE00621279 /* Products */;
			projectDirPath = "";
			projectRoot = "";
			targets = (
				159673CA26DB1FBE00621279 /* PokaNative (iOS) */,
				159673D226DB1FBE00621279 /* PokaNative (macOS) */,
			);
		};
/* End PBXProject section */

/* Begin PBXResourcesBuildPhase section */
		159673C926DB1FBE00621279 /* Resources */ = {
			isa = PBXResourcesBuildPhase;
			buildActionMask = 2147483647;
			files = (
				159673DB26DB1FBE00621279 /* Assets.xcassets in Resources */,
			);
			runOnlyForDeploymentPostprocessing = 0;
		};
		159673D126DB1FBE00621279 /* Resources */ = {
			isa = PBXResourcesBuildPhase;
			buildActionMask = 2147483647;
			files = (
				159673DC26DB1FBE00621279 /* Assets.xcassets in Resources */,
			);
			runOnlyForDeploymentPostprocessing = 0;
		};
/* End PBXResourcesBuildPhase section */

/* Begin PBXSourcesBuildPhase section */
		159673C726DB1FBE00621279 /* Sources */ = {
			isa = PBXSourcesBuildPhase;
			buildActionMask = 2147483647;
			files = (
				15872ABE27109E2A00680A4A /* ComposerView.swift in Sources */,
				159673D926DB1FBE00621279 /* ContentView.swift in Sources */,
				15E0B7B5270DF07300C8DED3 /* Defaults.swift in Sources */,
				15872ABB27109B6800680A4A /* ArtistView.swift in Sources */,
				15A6DF37271038350038F17E /* FolderView.swift in Sources */,
				159673E626DB223D00621279 /* Home.swift in Sources */,
				15E0B7B1270DD87900C8DED3 /* PokaAPI.swift in Sources */,
				15E0B7B9270DF96800C8DED3 /* Poka.swift in Sources */,
				159673D726DB1FBE00621279 /* PokaNativeApp.swift in Sources */,
				159673F026DB33D400621279 /* Login.swift in Sources */,
				15BB9DB82710A54900CF911C /* AlbumsView.swift in Sources */,
				15872AB82710947900680A4A /* PlayerView.swift in Sources */,
				15A6DF1E270EB6E30038F17E /* Library.swift in Sources */,
				159673ED26DB31DB00621279 /* Player.swift in Sources */,
				159673E926DB315C00621279 /* AlbumView.swift in Sources */,
				15A6DF21270EB9E50038F17E /* ContentViewiOS.swift in Sources */,
			);
			runOnlyForDeploymentPostprocessing = 0;
		};
		159673CF26DB1FBE00621279 /* Sources */ = {
			isa = PBXSourcesBuildPhase;
			buildActionMask = 2147483647;
			files = (
				159673DA26DB1FBE00621279 /* ContentView.swift in Sources */,
				15E0B7B6270DF07300C8DED3 /* Defaults.swift in Sources */,
				15A6DF38271038350038F17E /* FolderView.swift in Sources */,
				159673E726DB223D00621279 /* Home.swift in Sources */,
				15E0B7B2270DD87900C8DED3 /* PokaAPI.swift in Sources */,
				15872ABF27109E2A00680A4A /* ComposerView.swift in Sources */,
				15E0B7BA270DF96800C8DED3 /* Poka.swift in Sources */,
				159673D826DB1FBE00621279 /* PokaNativeApp.swift in Sources */,
				15872AB92710947900680A4A /* PlayerView.swift in Sources */,
				15872ABC27109B6800680A4A /* ArtistView.swift in Sources */,
				159673F126DB33D400621279 /* Login.swift in Sources */,
				15A6DF1F270EB6E30038F17E /* Library.swift in Sources */,
				159673EE26DB31DB00621279 /* Player.swift in Sources */,
				159673EA26DB315C00621279 /* AlbumView.swift in Sources */,
				15BB9DB92710A54900CF911C /* AlbumsView.swift in Sources */,
			);
			runOnlyForDeploymentPostprocessing = 0;
		};
/* End PBXSourcesBuildPhase section */

/* Begin XCBuildConfiguration section */
		159673DD26DB1FBE00621279 /* Debug */ = {
			isa = XCBuildConfiguration;
			buildSettings = {
				ALWAYS_SEARCH_USER_PATHS = NO;
				CLANG_ANALYZER_NONNULL = YES;
				CLANG_ANALYZER_NUMBER_OBJECT_CONVERSION = YES_AGGRESSIVE;
				CLANG_CXX_LANGUAGE_STANDARD = "gnu++14";
				CLANG_CXX_LIBRARY = "libc++";
				CLANG_ENABLE_MODULES = YES;
				CLANG_ENABLE_OBJC_ARC = YES;
				CLANG_ENABLE_OBJC_WEAK = YES;
				CLANG_WARN_BLOCK_CAPTURE_AUTORELEASING = YES;
				CLANG_WARN_BOOL_CONVERSION = YES;
				CLANG_WARN_COMMA = YES;
				CLANG_WARN_CONSTANT_CONVERSION = YES;
				CLANG_WARN_DEPRECATED_OBJC_IMPLEMENTATIONS = YES;
				CLANG_WARN_DIRECT_OBJC_ISA_USAGE = YES_ERROR;
				CLANG_WARN_DOCUMENTATION_COMMENTS = YES;
				CLANG_WARN_EMPTY_BODY = YES;
				CLANG_WARN_ENUM_CONVERSION = YES;
				CLANG_WARN_INFINITE_RECURSION = YES;
				CLANG_WARN_INT_CONVERSION = YES;
				CLANG_WARN_NON_LITERAL_NULL_CONVERSION = YES;
				CLANG_WARN_OBJC_IMPLICIT_RETAIN_SELF = YES;
				CLANG_WARN_OBJC_LITERAL_CONVERSION = YES;
				CLANG_WARN_OBJC_ROOT_CLASS = YES_ERROR;
				CLANG_WARN_QUOTED_INCLUDE_IN_FRAMEWORK_HEADER = YES;
				CLANG_WARN_RANGE_LOOP_ANALYSIS = YES;
				CLANG_WARN_STRICT_PROTOTYPES = YES;
				CLANG_WARN_SUSPICIOUS_MOVE = YES;
				CLANG_WARN_UNGUARDED_AVAILABILITY = YES_AGGRESSIVE;
				CLANG_WARN_UNREACHABLE_CODE = YES;
				CLANG_WARN__DUPLICATE_METHOD_MATCH = YES;
				COPY_PHASE_STRIP = NO;
				DEBUG_INFORMATION_FORMAT = dwarf;
				ENABLE_STRICT_OBJC_MSGSEND = YES;
				ENABLE_TESTABILITY = YES;
				GCC_C_LANGUAGE_STANDARD = gnu11;
				GCC_DYNAMIC_NO_PIC = NO;
				GCC_NO_COMMON_BLOCKS = YES;
				GCC_OPTIMIZATION_LEVEL = 0;
				GCC_PREPROCESSOR_DEFINITIONS = (
					"DEBUG=1",
					"$(inherited)",
				);
				GCC_WARN_64_TO_32_BIT_CONVERSION = YES;
				GCC_WARN_ABOUT_RETURN_TYPE = YES_ERROR;
				GCC_WARN_UNDECLARED_SELECTOR = YES;
				GCC_WARN_UNINITIALIZED_AUTOS = YES_AGGRESSIVE;
				GCC_WARN_UNUSED_FUNCTION = YES;
				GCC_WARN_UNUSED_VARIABLE = YES;
				IPHONEOS_DEPLOYMENT_TARGET = 15.0;
				MTL_ENABLE_DEBUG_INFO = INCLUDE_SOURCE;
				MTL_FAST_MATH = YES;
				ONLY_ACTIVE_ARCH = YES;
				SWIFT_ACTIVE_COMPILATION_CONDITIONS = DEBUG;
				SWIFT_OPTIMIZATION_LEVEL = "-Onone";
			};
			name = Debug;
		};
		159673DE26DB1FBE00621279 /* Release */ = {
			isa = XCBuildConfiguration;
			buildSettings = {
				ALWAYS_SEARCH_USER_PATHS = NO;
				CLANG_ANALYZER_NONNULL = YES;
				CLANG_ANALYZER_NUMBER_OBJECT_CONVERSION = YES_AGGRESSIVE;
				CLANG_CXX_LANGUAGE_STANDARD = "gnu++14";
				CLANG_CXX_LIBRARY = "libc++";
				CLANG_ENABLE_MODULES = YES;
				CLANG_ENABLE_OBJC_ARC = YES;
				CLANG_ENABLE_OBJC_WEAK = YES;
				CLANG_WARN_BLOCK_CAPTURE_AUTORELEASING = YES;
				CLANG_WARN_BOOL_CONVERSION = YES;
				CLANG_WARN_COMMA = YES;
				CLANG_WARN_CONSTANT_CONVERSION = YES;
				CLANG_WARN_DEPRECATED_OBJC_IMPLEMENTATIONS = YES;
				CLANG_WARN_DIRECT_OBJC_ISA_USAGE = YES_ERROR;
				CLANG_WARN_DOCUMENTATION_COMMENTS = YES;
				CLANG_WARN_EMPTY_BODY = YES;
				CLANG_WARN_ENUM_CONVERSION = YES;
				CLANG_WARN_INFINITE_RECURSION = YES;
				CLANG_WARN_INT_CONVERSION = YES;
				CLANG_WARN_NON_LITERAL_NULL_CONVERSION = YES;
				CLANG_WARN_OBJC_IMPLICIT_RETAIN_SELF = YES;
				CLANG_WARN_OBJC_LITERAL_CONVERSION = YES;
				CLANG_WARN_OBJC_ROOT_CLASS = YES_ERROR;
				CLANG_WARN_QUOTED_INCLUDE_IN_FRAMEWORK_HEADER = YES;
				CLANG_WARN_RANGE_LOOP_ANALYSIS = YES;
				CLANG_WARN_STRICT_PROTOTYPES = YES;
				CLANG_WARN_SUSPICIOUS_MOVE = YES;
				CLANG_WARN_UNGUARDED_AVAILABILITY = YES_AGGRESSIVE;
				CLANG_WARN_UNREACHABLE_CODE = YES;
				CLANG_WARN__DUPLICATE_METHOD_MATCH = YES;
				COPY_PHASE_STRIP = NO;
				DEBUG_INFORMATION_FORMAT = "dwarf-with-dsym";
				ENABLE_NS_ASSERTIONS = NO;
				ENABLE_STRICT_OBJC_MSGSEND = YES;
				GCC_C_LANGUAGE_STANDARD = gnu11;
				GCC_NO_COMMON_BLOCKS = YES;
				GCC_WARN_64_TO_32_BIT_CONVERSION = YES;
				GCC_WARN_ABOUT_RETURN_TYPE = YES_ERROR;
				GCC_WARN_UNDECLARED_SELECTOR = YES;
				GCC_WARN_UNINITIALIZED_AUTOS = YES_AGGRESSIVE;
				GCC_WARN_UNUSED_FUNCTION = YES;
				GCC_WARN_UNUSED_VARIABLE = YES;
				IPHONEOS_DEPLOYMENT_TARGET = 15.0;
				MTL_ENABLE_DEBUG_INFO = NO;
				MTL_FAST_MATH = YES;
				SWIFT_COMPILATION_MODE = wholemodule;
				SWIFT_OPTIMIZATION_LEVEL = "-O";
			};
			name = Release;
		};
		159673E026DB1FBE00621279 /* Debug */ = {
			isa = XCBuildConfiguration;
			buildSettings = {
				ASSETCATALOG_COMPILER_APPICON_NAME = AppIcon;
				ASSETCATALOG_COMPILER_GLOBAL_ACCENT_COLOR_NAME = AccentColor;
				CODE_SIGN_STYLE = Automatic;
				DEVELOPMENT_TEAM = B9L8C6DP9L;
				ENABLE_PREVIEWS = YES;
				INFOPLIST_FILE = iOS/Info.plist;
				IPHONEOS_DEPLOYMENT_TARGET = 15.0;
				LD_RUNPATH_SEARCH_PATHS = (
					"$(inherited)",
					"@executable_path/Frameworks",
				);
				PRODUCT_BUNDLE_IDENTIFIER = gnehs.PokaNative;
				PRODUCT_NAME = PokaNative;
				SDKROOT = iphoneos;
				SWIFT_VERSION = 5.0;
				TARGETED_DEVICE_FAMILY = "1,2";
			};
			name = Debug;
		};
		159673E126DB1FBE00621279 /* Release */ = {
			isa = XCBuildConfiguration;
			buildSettings = {
				ASSETCATALOG_COMPILER_APPICON_NAME = AppIcon;
				ASSETCATALOG_COMPILER_GLOBAL_ACCENT_COLOR_NAME = AccentColor;
				CODE_SIGN_STYLE = Automatic;
				DEVELOPMENT_TEAM = B9L8C6DP9L;
				ENABLE_PREVIEWS = YES;
				INFOPLIST_FILE = iOS/Info.plist;
				IPHONEOS_DEPLOYMENT_TARGET = 15.0;
				LD_RUNPATH_SEARCH_PATHS = (
					"$(inherited)",
					"@executable_path/Frameworks",
				);
				PRODUCT_BUNDLE_IDENTIFIER = gnehs.PokaNative;
				PRODUCT_NAME = PokaNative;
				SDKROOT = iphoneos;
				SWIFT_VERSION = 5.0;
				TARGETED_DEVICE_FAMILY = "1,2";
				VALIDATE_PRODUCT = YES;
			};
			name = Release;
		};
		159673E326DB1FBE00621279 /* Debug */ = {
			isa = XCBuildConfiguration;
			buildSettings = {
				ASSETCATALOG_COMPILER_APPICON_NAME = AppIcon;
				ASSETCATALOG_COMPILER_GLOBAL_ACCENT_COLOR_NAME = AccentColor;
				CODE_SIGN_ENTITLEMENTS = macOS/macOS.entitlements;
				CODE_SIGN_STYLE = Automatic;
				COMBINE_HIDPI_IMAGES = YES;
				DEVELOPMENT_TEAM = B9L8C6DP9L;
				ENABLE_HARDENED_RUNTIME = YES;
				ENABLE_PREVIEWS = YES;
				INFOPLIST_FILE = macOS/Info.plist;
				LD_RUNPATH_SEARCH_PATHS = (
					"$(inherited)",
					"@executable_path/../Frameworks",
				);
				MACOSX_DEPLOYMENT_TARGET = 11.0;
				PRODUCT_BUNDLE_IDENTIFIER = gnehs.PokaNative;
				PRODUCT_NAME = PokaNative;
				SDKROOT = macosx;
				SWIFT_VERSION = 5.0;
			};
			name = Debug;
		};
		159673E426DB1FBE00621279 /* Release */ = {
			isa = XCBuildConfiguration;
			buildSettings = {
				ASSETCATALOG_COMPILER_APPICON_NAME = AppIcon;
				ASSETCATALOG_COMPILER_GLOBAL_ACCENT_COLOR_NAME = AccentColor;
				CODE_SIGN_ENTITLEMENTS = macOS/macOS.entitlements;
				CODE_SIGN_STYLE = Automatic;
				COMBINE_HIDPI_IMAGES = YES;
				DEVELOPMENT_TEAM = B9L8C6DP9L;
				ENABLE_HARDENED_RUNTIME = YES;
				ENABLE_PREVIEWS = YES;
				INFOPLIST_FILE = macOS/Info.plist;
				LD_RUNPATH_SEARCH_PATHS = (
					"$(inherited)",
					"@executable_path/../Frameworks",
				);
				MACOSX_DEPLOYMENT_TARGET = 11.0;
				PRODUCT_BUNDLE_IDENTIFIER = gnehs.PokaNative;
				PRODUCT_NAME = PokaNative;
				SDKROOT = macosx;
				SWIFT_VERSION = 5.0;
			};
			name = Release;
		};
/* End XCBuildConfiguration section */

/* Begin XCConfigurationList section */
		159673C226DB1FBC00621279 /* Build configuration list for PBXProject "PokaNative" */ = {
			isa = XCConfigurationList;
			buildConfigurations = (
				159673DD26DB1FBE00621279 /* Debug */,
				159673DE26DB1FBE00621279 /* Release */,
			);
			defaultConfigurationIsVisible = 0;
			defaultConfigurationName = Release;
		};
		159673DF26DB1FBE00621279 /* Build configuration list for PBXNativeTarget "PokaNative (iOS)" */ = {
			isa = XCConfigurationList;
			buildConfigurations = (
				159673E026DB1FBE00621279 /* Debug */,
				159673E126DB1FBE00621279 /* Release */,
			);
			defaultConfigurationIsVisible = 0;
			defaultConfigurationName = Release;
		};
		159673E226DB1FBE00621279 /* Build configuration list for PBXNativeTarget "PokaNative (macOS)" */ = {
			isa = XCConfigurationList;
			buildConfigurations = (
				159673E326DB1FBE00621279 /* Debug */,
				159673E426DB1FBE00621279 /* Release */,
			);
			defaultConfigurationIsVisible = 0;
			defaultConfigurationName = Release;
		};
/* End XCConfigurationList section */

/* Begin XCRemoteSwiftPackageReference section */
		15872AB42710933700680A4A /* XCRemoteSwiftPackageReference "SwiftAudio" */ = {
			isa = XCRemoteSwiftPackageReference;
			repositoryURL = "https://github.com/DoubleSymmetry/SwiftAudio.git";
			requirement = {
				kind = upToNextMajorVersion;
				minimumVersion = 0.9.3;
			};
		};
/* End XCRemoteSwiftPackageReference section */

/* Begin XCSwiftPackageProductDependency section */
		15872AB52710933700680A4A /* SwiftAudioEx */ = {
			isa = XCSwiftPackageProductDependency;
			package = 15872AB42710933700680A4A /* XCRemoteSwiftPackageReference "SwiftAudio" */;
			productName = SwiftAudioEx;
		};
/* End XCSwiftPackageProductDependency section */
	};
	rootObject = 159673BF26DB1FBC00621279 /* Project object */;
}
