{
  "pins" : [
    {
      "identity" : "swiftui-cachedasyncimage",
      "kind" : "remoteSourceControl",
      "location" : "https://github.com/lorenzofiamingo/SwiftUI-CachedAsyncImage",
      "state" : {
        "revision" : "58d9324354f8b321f0aad906f0abdaa4ded9243f",
        "version" : "1.11.0"
      }
    },
    {
      "identity" : "swiftui-introspect",
      "kind" : "remoteSourceControl",
      "location" : "https://github.com/siteline/SwiftUI-Introspect.git",
      "state" : {
        "revision" : "f2616860a41f9d9932da412a8978fec79c06fe24",
        "version" : "0.1.4"
      }
    },
    {
      "identity" : "swiftuix",
      "kind" : "remoteSourceControl",
      "location" : "https://github.com/SwiftUIX/SwiftUIX",
      "state" : {
        "revision" : "1c2ba19b91a1541b803f9d1b01b360cae5a752fa",
        "version" : "0.1.3"
      }
    }
  ],
  "version" : 2
}
